// !$*UTF8*$!
{
	archiveVersion = 1;
	classes = {
	};
	objectVersion = 46;
	objects = {

/* Begin PBXBuildFile section */
		3F17CDCA19771356005698F5 /* Foundation.framework in Frameworks */ = {isa = PBXBuildFile; fileRef = 3F17CDC919771356005698F5 /* Foundation.framework */; };
		3F17CDCC19771356005698F5 /* CoreGraphics.framework in Frameworks */ = {isa = PBXBuildFile; fileRef = 3F17CDCB19771356005698F5 /* CoreGraphics.framework */; };
		3F17CDCE19771356005698F5 /* UIKit.framework in Frameworks */ = {isa = PBXBuildFile; fileRef = 3F17CDCD19771356005698F5 /* UIKit.framework */; };
		3F17CDD419771356005698F5 /* InfoPlist.strings in Resources */ = {isa = PBXBuildFile; fileRef = 3F17CDD219771356005698F5 /* InfoPlist.strings */; };
		3F17CDD619771356005698F5 /* main.m in Sources */ = {isa = PBXBuildFile; fileRef = 3F17CDD519771356005698F5 /* main.m */; };
		3F17CDDA19771356005698F5 /* AppDelegate.m in Sources */ = {isa = PBXBuildFile; fileRef = 3F17CDD919771356005698F5 /* AppDelegate.m */; };
		3F17CDDD19771356005698F5 /* Main.storyboard in Resources */ = {isa = PBXBuildFile; fileRef = 3F17CDDB19771356005698F5 /* Main.storyboard */; };
		3F17CDE019771356005698F5 /* FirstViewController.m in Sources */ = {isa = PBXBuildFile; fileRef = 3F17CDDF19771356005698F5 /* FirstViewController.m */; };
		3F17CDE519771356005698F5 /* Images.xcassets in Resources */ = {isa = PBXBuildFile; fileRef = 3F17CDE419771356005698F5 /* Images.xcassets */; };
		3F17CDEC19771356005698F5 /* XCTest.framework in Frameworks */ = {isa = PBXBuildFile; fileRef = 3F17CDEB19771356005698F5 /* XCTest.framework */; };
		3F17CDED19771356005698F5 /* Foundation.framework in Frameworks */ = {isa = PBXBuildFile; fileRef = 3F17CDC919771356005698F5 /* Foundation.framework */; };
		3F17CDEE19771356005698F5 /* UIKit.framework in Frameworks */ = {isa = PBXBuildFile; fileRef = 3F17CDCD19771356005698F5 /* UIKit.framework */; };
		3F17CDF619771356005698F5 /* InfoPlist.strings in Resources */ = {isa = PBXBuildFile; fileRef = 3F17CDF419771356005698F5 /* InfoPlist.strings */; };
		3F17CDF819771356005698F5 /* LCS_PlayersTests.m in Sources */ = {isa = PBXBuildFile; fileRef = 3F17CDF719771356005698F5 /* LCS_PlayersTests.m */; };
		3F17CE0919771D7A005698F5 /* UserCell.m in Sources */ = {isa = PBXBuildFile; fileRef = 3F17CE0819771D7A005698F5 /* UserCell.m */; };
		3F9B90541978059400632F13 /* PlayerStats.m in Sources */ = {isa = PBXBuildFile; fileRef = 3F9B90531978059400632F13 /* PlayerStats.m */; };
		3F9B905719783E7700632F13 /* ViewControllerInfoPage.m in Sources */ = {isa = PBXBuildFile; fileRef = 3F9B905619783E7700632F13 /* ViewControllerInfoPage.m */; };
		3F9B905A1978482500632F13 /* Global.m in Sources */ = {isa = PBXBuildFile; fileRef = 3F9B90591978482500632F13 /* Global.m */; };
		3F9B905D1979532700632F13 /* GrabData.m in Sources */ = {isa = PBXBuildFile; fileRef = 3F9B905C1979532700632F13 /* GrabData.m */; };
		3F9B908C19798FF100632F13 /* libxml2.dylib in Frameworks */ = {isa = PBXBuildFile; fileRef = 3F9B908B19798FF100632F13 /* libxml2.dylib */; };
		3F9B90941979922B00632F13 /* TFHpple.m in Sources */ = {isa = PBXBuildFile; fileRef = 3F9B908F1979922B00632F13 /* TFHpple.m */; };
		3F9B90951979922B00632F13 /* TFHppleElement.m in Sources */ = {isa = PBXBuildFile; fileRef = 3F9B90911979922B00632F13 /* TFHppleElement.m */; };
		3F9B90961979922B00632F13 /* XPathQuery.m in Sources */ = {isa = PBXBuildFile; fileRef = 3F9B90931979922B00632F13 /* XPathQuery.m */; };
/* End PBXBuildFile section */

/* Begin PBXContainerItemProxy section */
		3F17CDEF19771356005698F5 /* PBXContainerItemProxy */ = {
			isa = PBXContainerItemProxy;
			containerPortal = 3F17CDBE19771356005698F5 /* Project object */;
			proxyType = 1;
			remoteGlobalIDString = 3F17CDC519771356005698F5;
			remoteInfo = "LCS Players";
		};
/* End PBXContainerItemProxy section */

/* Begin PBXFileReference section */
		3F17CDC619771356005698F5 /* LCS Players.app */ = {isa = PBXFileReference; explicitFileType = wrapper.application; includeInIndex = 0; path = "LCS Players.app"; sourceTree = BUILT_PRODUCTS_DIR; };
		3F17CDC919771356005698F5 /* Foundation.framework */ = {isa = PBXFileReference; lastKnownFileType = wrapper.framework; name = Foundation.framework; path = System/Library/Frameworks/Foundation.framework; sourceTree = SDKROOT; };
		3F17CDCB19771356005698F5 /* CoreGraphics.framework */ = {isa = PBXFileReference; lastKnownFileType = wrapper.framework; name = CoreGraphics.framework; path = System/Library/Frameworks/CoreGraphics.framework; sourceTree = SDKROOT; };
		3F17CDCD19771356005698F5 /* UIKit.framework */ = {isa = PBXFileReference; lastKnownFileType = wrapper.framework; name = UIKit.framework; path = System/Library/Frameworks/UIKit.framework; sourceTree = SDKROOT; };
		3F17CDD119771356005698F5 /* LCS Players-Info.plist */ = {isa = PBXFileReference; lastKnownFileType = text.plist.xml; path = "LCS Players-Info.plist"; sourceTree = "<group>"; };
		3F17CDD319771356005698F5 /* en */ = {isa = PBXFileReference; lastKnownFileType = text.plist.strings; name = en; path = en.lproj/InfoPlist.strings; sourceTree = "<group>"; };
		3F17CDD519771356005698F5 /* main.m */ = {isa = PBXFileReference; lastKnownFileType = sourcecode.c.objc; path = main.m; sourceTree = "<group>"; };
		3F17CDD719771356005698F5 /* LCS Players-Prefix.pch */ = {isa = PBXFileReference; lastKnownFileType = sourcecode.c.h; path = "LCS Players-Prefix.pch"; sourceTree = "<group>"; };
		3F17CDD819771356005698F5 /* AppDelegate.h */ = {isa = PBXFileReference; lastKnownFileType = sourcecode.c.h; path = AppDelegate.h; sourceTree = "<group>"; };
		3F17CDD919771356005698F5 /* AppDelegate.m */ = {isa = PBXFileReference; lastKnownFileType = sourcecode.c.objc; path = AppDelegate.m; sourceTree = "<group>"; };
		3F17CDDC19771356005698F5 /* Base */ = {isa = PBXFileReference; lastKnownFileType = file.storyboard; name = Base; path = Base.lproj/Main.storyboard; sourceTree = "<group>"; };
		3F17CDDE19771356005698F5 /* FirstViewController.h */ = {isa = PBXFileReference; lastKnownFileType = sourcecode.c.h; path = FirstViewController.h; sourceTree = "<group>"; };
		3F17CDDF19771356005698F5 /* FirstViewController.m */ = {isa = PBXFileReference; lastKnownFileType = sourcecode.c.objc; path = FirstViewController.m; sourceTree = "<group>"; };
		3F17CDE419771356005698F5 /* Images.xcassets */ = {isa = PBXFileReference; lastKnownFileType = folder.assetcatalog; path = Images.xcassets; sourceTree = "<group>"; };
		3F17CDEA19771356005698F5 /* LCS PlayersTests.xctest */ = {isa = PBXFileReference; explicitFileType = wrapper.cfbundle; includeInIndex = 0; path = "LCS PlayersTests.xctest"; sourceTree = BUILT_PRODUCTS_DIR; };
		3F17CDEB19771356005698F5 /* XCTest.framework */ = {isa = PBXFileReference; lastKnownFileType = wrapper.framework; name = XCTest.framework; path = Library/Frameworks/XCTest.framework; sourceTree = DEVELOPER_DIR; };
		3F17CDF319771356005698F5 /* LCS PlayersTests-Info.plist */ = {isa = PBXFileReference; lastKnownFileType = text.plist.xml; path = "LCS PlayersTests-Info.plist"; sourceTree = "<group>"; };
		3F17CDF519771356005698F5 /* en */ = {isa = PBXFileReference; lastKnownFileType = text.plist.strings; name = en; path = en.lproj/InfoPlist.strings; sourceTree = "<group>"; };
		3F17CDF719771356005698F5 /* LCS_PlayersTests.m */ = {isa = PBXFileReference; lastKnownFileType = sourcecode.c.objc; path = LCS_PlayersTests.m; sourceTree = "<group>"; };
		3F17CE0719771D7A005698F5 /* UserCell.h */ = {isa = PBXFileReference; fileEncoding = 4; lastKnownFileType = sourcecode.c.h; path = UserCell.h; sourceTree = "<group>"; };
		3F17CE0819771D7A005698F5 /* UserCell.m */ = {isa = PBXFileReference; fileEncoding = 4; lastKnownFileType = sourcecode.c.objc; path = UserCell.m; sourceTree = "<group>"; };
		3F9B90521978059400632F13 /* PlayerStats.h */ = {isa = PBXFileReference; fileEncoding = 4; lastKnownFileType = sourcecode.c.h; path = PlayerStats.h; sourceTree = "<group>"; };
		3F9B90531978059400632F13 /* PlayerStats.m */ = {isa = PBXFileReference; fileEncoding = 4; lastKnownFileType = sourcecode.c.objc; path = PlayerStats.m; sourceTree = "<group>"; };
		3F9B905519783E7700632F13 /* ViewControllerInfoPage.h */ = {isa = PBXFileReference; fileEncoding = 4; lastKnownFileType = sourcecode.c.h; path = ViewControllerInfoPage.h; sourceTree = "<group>"; };
		3F9B905619783E7700632F13 /* ViewControllerInfoPage.m */ = {isa = PBXFileReference; fileEncoding = 4; lastKnownFileType = sourcecode.c.objc; path = ViewControllerInfoPage.m; sourceTree = "<group>"; };
		3F9B90581978482500632F13 /* Global.h */ = {isa = PBXFileReference; fileEncoding = 4; lastKnownFileType = sourcecode.c.h; path = Global.h; sourceTree = "<group>"; };
		3F9B90591978482500632F13 /* Global.m */ = {isa = PBXFileReference; fileEncoding = 4; lastKnownFileType = sourcecode.c.objc; path = Global.m; sourceTree = "<group>"; };
		3F9B905B1979532700632F13 /* GrabData.h */ = {isa = PBXFileReference; fileEncoding = 4; lastKnownFileType = sourcecode.c.h; path = GrabData.h; sourceTree = "<group>"; };
		3F9B905C1979532700632F13 /* GrabData.m */ = {isa = PBXFileReference; fileEncoding = 4; lastKnownFileType = sourcecode.c.objc; path = GrabData.m; sourceTree = "<group>"; };
		3F9B908919798F7B00632F13 /* libxml2.2.dylib */ = {isa = PBXFileReference; lastKnownFileType = "compiled.mach-o.dylib"; name = libxml2.2.dylib; path = usr/lib/libxml2.2.dylib; sourceTree = SDKROOT; };
		3F9B908B19798FF100632F13 /* libxml2.dylib */ = {isa = PBXFileReference; lastKnownFileType = "compiled.mach-o.dylib"; name = libxml2.dylib; path = usr/lib/libxml2.dylib; sourceTree = SDKROOT; };
		3F9B908E1979922B00632F13 /* TFHpple.h */ = {isa = PBXFileReference; fileEncoding = 4; lastKnownFileType = sourcecode.c.h; path = TFHpple.h; sourceTree = "<group>"; };
		3F9B908F1979922B00632F13 /* TFHpple.m */ = {isa = PBXFileReference; fileEncoding = 4; lastKnownFileType = sourcecode.c.objc; path = TFHpple.m; sourceTree = "<group>"; };
		3F9B90901979922B00632F13 /* TFHppleElement.h */ = {isa = PBXFileReference; fileEncoding = 4; lastKnownFileType = sourcecode.c.h; path = TFHppleElement.h; sourceTree = "<group>"; };
		3F9B90911979922B00632F13 /* TFHppleElement.m */ = {isa = PBXFileReference; fileEncoding = 4; lastKnownFileType = sourcecode.c.objc; path = TFHppleElement.m; sourceTree = "<group>"; };
		3F9B90921979922B00632F13 /* XPathQuery.h */ = {isa = PBXFileReference; fileEncoding = 4; lastKnownFileType = sourcecode.c.h; path = XPathQuery.h; sourceTree = "<group>"; };
		3F9B90931979922B00632F13 /* XPathQuery.m */ = {isa = PBXFileReference; fileEncoding = 4; lastKnownFileType = sourcecode.c.objc; path = XPathQuery.m; sourceTree = "<group>"; };
/* End PBXFileReference section */

/* Begin PBXFrameworksBuildPhase section */
		3F17CDC319771356005698F5 /* Frameworks */ = {
			isa = PBXFrameworksBuildPhase;
			buildActionMask = 2147483647;
			files = (
				3F9B908C19798FF100632F13 /* libxml2.dylib in Frameworks */,
				3F17CDCC19771356005698F5 /* CoreGraphics.framework in Frameworks */,
				3F17CDCE19771356005698F5 /* UIKit.framework in Frameworks */,
				3F17CDCA19771356005698F5 /* Foundation.framework in Frameworks */,
			);
			runOnlyForDeploymentPostprocessing = 0;
		};
		3F17CDE719771356005698F5 /* Frameworks */ = {
			isa = PBXFrameworksBuildPhase;
			buildActionMask = 2147483647;
			files = (
				3F17CDEC19771356005698F5 /* XCTest.framework in Frameworks */,
				3F17CDEE19771356005698F5 /* UIKit.framework in Frameworks */,
				3F17CDED19771356005698F5 /* Foundation.framework in Frameworks */,
			);
			runOnlyForDeploymentPostprocessing = 0;
		};
/* End PBXFrameworksBuildPhase section */

/* Begin PBXGroup section */
		3F17CDBD19771356005698F5 = {
			isa = PBXGroup;
			children = (
				3F17CDCF19771356005698F5 /* LCS Players */,
				3F17CDF119771356005698F5 /* LCS PlayersTests */,
				3F17CDC819771356005698F5 /* Frameworks */,
				3F17CDC719771356005698F5 /* Products */,
			);
			sourceTree = "<group>";
		};
		3F17CDC719771356005698F5 /* Products */ = {
			isa = PBXGroup;
			children = (
				3F17CDC619771356005698F5 /* LCS Players.app */,
				3F17CDEA19771356005698F5 /* LCS PlayersTests.xctest */,
			);
			name = Products;
			sourceTree = "<group>";
		};
		3F17CDC819771356005698F5 /* Frameworks */ = {
			isa = PBXGroup;
			children = (
				3F9B908B19798FF100632F13 /* libxml2.dylib */,
				3F9B908919798F7B00632F13 /* libxml2.2.dylib */,
				3F17CDC919771356005698F5 /* Foundation.framework */,
				3F17CDCB19771356005698F5 /* CoreGraphics.framework */,
				3F17CDCD19771356005698F5 /* UIKit.framework */,
				3F17CDEB19771356005698F5 /* XCTest.framework */,
			);
			name = Frameworks;
			sourceTree = "<group>";
		};
		3F17CDCF19771356005698F5 /* LCS Players */ = {
			isa = PBXGroup;
			children = (
				3F9B908D197991F300632F13 /* hpple */,
				3F17CDD819771356005698F5 /* AppDelegate.h */,
				3F17CDD919771356005698F5 /* AppDelegate.m */,
				3F17CDDB19771356005698F5 /* Main.storyboard */,
				3F9B90581978482500632F13 /* Global.h */,
				3F9B90591978482500632F13 /* Global.m */,
				3F9B90521978059400632F13 /* PlayerStats.h */,
				3F9B905519783E7700632F13 /* ViewControllerInfoPage.h */,
				3F9B905619783E7700632F13 /* ViewControllerInfoPage.m */,
				3F9B905B1979532700632F13 /* GrabData.h */,
				3F9B905C1979532700632F13 /* GrabData.m */,
				3F9B90531978059400632F13 /* PlayerStats.m */,
				3F17CE0719771D7A005698F5 /* UserCell.h */,
				3F17CE0819771D7A005698F5 /* UserCell.m */,
				3F17CDDE19771356005698F5 /* FirstViewController.h */,
				3F17CDDF19771356005698F5 /* FirstViewController.m */,
				3F17CDE419771356005698F5 /* Images.xcassets */,
				3F17CDD019771356005698F5 /* Supporting Files */,
			);
			path = "LCS Players";
			sourceTree = "<group>";
		};
		3F17CDD019771356005698F5 /* Supporting Files */ = {
			isa = PBXGroup;
			children = (
				3F17CDD119771356005698F5 /* LCS Players-Info.plist */,
				3F17CDD219771356005698F5 /* InfoPlist.strings */,
				3F17CDD519771356005698F5 /* main.m */,
				3F17CDD719771356005698F5 /* LCS Players-Prefix.pch */,
			);
			name = "Supporting Files";
			sourceTree = "<group>";
		};
		3F17CDF119771356005698F5 /* LCS PlayersTests */ = {
			isa = PBXGroup;
			children = (
				3F17CDF719771356005698F5 /* LCS_PlayersTests.m */,
				3F17CDF219771356005698F5 /* Supporting Files */,
			);
			path = "LCS PlayersTests";
			sourceTree = "<group>";
		};
		3F17CDF219771356005698F5 /* Supporting Files */ = {
			isa = PBXGroup;
			children = (
				3F17CDF319771356005698F5 /* LCS PlayersTests-Info.plist */,
				3F17CDF419771356005698F5 /* InfoPlist.strings */,
			);
			name = "Supporting Files";
			sourceTree = "<group>";
		};
		3F9B908D197991F300632F13 /* hpple */ = {
			isa = PBXGroup;
			children = (
				3F9B908E1979922B00632F13 /* TFHpple.h */,
				3F9B908F1979922B00632F13 /* TFHpple.m */,
				3F9B90901979922B00632F13 /* TFHppleElement.h */,
				3F9B90911979922B00632F13 /* TFHppleElement.m */,
				3F9B90921979922B00632F13 /* XPathQuery.h */,
				3F9B90931979922B00632F13 /* XPathQuery.m */,
			);
			name = hpple;
			sourceTree = "<group>";
		};
/* End PBXGroup section */

/* Begin PBXNativeTarget section */
		3F17CDC519771356005698F5 /* LCS Players */ = {
			isa = PBXNativeTarget;
			buildConfigurationList = 3F17CDFB19771356005698F5 /* Build configuration list for PBXNativeTarget "LCS Players" */;
			buildPhases = (
				3F17CDC219771356005698F5 /* Sources */,
				3F17CDC319771356005698F5 /* Frameworks */,
				3F17CDC419771356005698F5 /* Resources */,
			);
			buildRules = (
			);
			dependencies = (
			);
			name = "LCS Players";
			productName = "LCS Players";
			productReference = 3F17CDC619771356005698F5 /* LCS Players.app */;
			productType = "com.apple.product-type.application";
		};
		3F17CDE919771356005698F5 /* LCS PlayersTests */ = {
			isa = PBXNativeTarget;
			buildConfigurationList = 3F17CDFE19771356005698F5 /* Build configuration list for PBXNativeTarget "LCS PlayersTests" */;
			buildPhases = (
				3F17CDE619771356005698F5 /* Sources */,
				3F17CDE719771356005698F5 /* Frameworks */,
				3F17CDE819771356005698F5 /* Resources */,
			);
			buildRules = (
			);
			dependencies = (
				3F17CDF019771356005698F5 /* PBXTargetDependency */,
			);
			name = "LCS PlayersTests";
			productName = "LCS PlayersTests";
			productReference = 3F17CDEA19771356005698F5 /* LCS PlayersTests.xctest */;
			productType = "com.apple.product-type.bundle.unit-test";
		};
/* End PBXNativeTarget section */

/* Begin PBXProject section */
		3F17CDBE19771356005698F5 /* Project object */ = {
			isa = PBXProject;
			attributes = {
				LastUpgradeCheck = 0510;
				ORGANIZATIONNAME = iDTech;
				TargetAttributes = {
					3F17CDE919771356005698F5 = {
						TestTargetID = 3F17CDC519771356005698F5;
					};
				};
			};
			buildConfigurationList = 3F17CDC119771356005698F5 /* Build configuration list for PBXProject "LCS Players" */;
			compatibilityVersion = "Xcode 3.2";
			developmentRegion = English;
			hasScannedForEncodings = 0;
			knownRegions = (
				en,
				Base,
			);
			mainGroup = 3F17CDBD19771356005698F5;
			productRefGroup = 3F17CDC719771356005698F5 /* Products */;
			projectDirPath = "";
			projectRoot = "";
			targets = (
				3F17CDC519771356005698F5 /* LCS Players */,
				3F17CDE919771356005698F5 /* LCS PlayersTests */,
			);
		};
/* End PBXProject section */

/* Begin PBXResourcesBuildPhase section */
		3F17CDC419771356005698F5 /* Resources */ = {
			isa = PBXResourcesBuildPhase;
			buildActionMask = 2147483647;
			files = (
				3F17CDE519771356005698F5 /* Images.xcassets in Resources */,
				3F17CDD419771356005698F5 /* InfoPlist.strings in Resources */,
				3F17CDDD19771356005698F5 /* Main.storyboard in Resources */,
			);
			runOnlyForDeploymentPostprocessing = 0;
		};
		3F17CDE819771356005698F5 /* Resources */ = {
			isa = PBXResourcesBuildPhase;
			buildActionMask = 2147483647;
			files = (
				3F17CDF619771356005698F5 /* InfoPlist.strings in Resources */,
			);
			runOnlyForDeploymentPostprocessing = 0;
		};
/* End PBXResourcesBuildPhase section */

/* Begin PBXSourcesBuildPhase section */
		3F17CDC219771356005698F5 /* Sources */ = {
			isa = PBXSourcesBuildPhase;
			buildActionMask = 2147483647;
			files = (
				3F17CDDA19771356005698F5 /* AppDelegate.m in Sources */,
				3F17CDE019771356005698F5 /* FirstViewController.m in Sources */,
				3F17CE0919771D7A005698F5 /* UserCell.m in Sources */,
				3F9B905D1979532700632F13 /* GrabData.m in Sources */,
				3F9B90961979922B00632F13 /* XPathQuery.m in Sources */,
				3F9B90951979922B00632F13 /* TFHppleElement.m in Sources */,
				3F9B90941979922B00632F13 /* TFHpple.m in Sources */,
				3F9B905A1978482500632F13 /* Global.m in Sources */,
				3F9B90541978059400632F13 /* PlayerStats.m in Sources */,
				3F17CDD619771356005698F5 /* main.m in Sources */,
				3F9B905719783E7700632F13 /* ViewControllerInfoPage.m in Sources */,
			);
			runOnlyForDeploymentPostprocessing = 0;
		};
		3F17CDE619771356005698F5 /* Sources */ = {
			isa = PBXSourcesBuildPhase;
			buildActionMask = 2147483647;
			files = (
				3F17CDF819771356005698F5 /* LCS_PlayersTests.m in Sources */,
			);
			runOnlyForDeploymentPostprocessing = 0;
		};
/* End PBXSourcesBuildPhase section */

/* Begin PBXTargetDependency section */
		3F17CDF019771356005698F5 /* PBXTargetDependency */ = {
			isa = PBXTargetDependency;
			target = 3F17CDC519771356005698F5 /* LCS Players */;
			targetProxy = 3F17CDEF19771356005698F5 /* PBXContainerItemProxy */;
		};
/* End PBXTargetDependency section */

/* Begin PBXVariantGroup section */
		3F17CDD219771356005698F5 /* InfoPlist.strings */ = {
			isa = PBXVariantGroup;
			children = (
				3F17CDD319771356005698F5 /* en */,
			);
			name = InfoPlist.strings;
			sourceTree = "<group>";
		};
		3F17CDDB19771356005698F5 /* Main.storyboard */ = {
			isa = PBXVariantGroup;
			children = (
				3F17CDDC19771356005698F5 /* Base */,
			);
			name = Main.storyboard;
			sourceTree = "<group>";
		};
		3F17CDF419771356005698F5 /* InfoPlist.strings */ = {
			isa = PBXVariantGroup;
			children = (
				3F17CDF519771356005698F5 /* en */,
			);
			name = InfoPlist.strings;
			sourceTree = "<group>";
		};
/* End PBXVariantGroup section */

/* Begin XCBuildConfiguration section */
		3F17CDF919771356005698F5 /* Debug */ = {
			isa = XCBuildConfiguration;
			buildSettings = {
				ALWAYS_SEARCH_USER_PATHS = YES;
				CLANG_CXX_LANGUAGE_STANDARD = "gnu++0x";
				CLANG_CXX_LIBRARY = "libc++";
				CLANG_ENABLE_MODULES = YES;
				CLANG_ENABLE_OBJC_ARC = YES;
				CLANG_WARN_BOOL_CONVERSION = YES;
				CLANG_WARN_CONSTANT_CONVERSION = YES;
				CLANG_WARN_DIRECT_OBJC_ISA_USAGE = YES_ERROR;
				CLANG_WARN_EMPTY_BODY = YES;
				CLANG_WARN_ENUM_CONVERSION = YES;
				CLANG_WARN_INT_CONVERSION = YES;
				CLANG_WARN_OBJC_ROOT_CLASS = YES_ERROR;
				CLANG_WARN__DUPLICATE_METHOD_MATCH = YES;
				"CODE_SIGN_IDENTITY[sdk=iphoneos*]" = "iPhone Developer";
				COPY_PHASE_STRIP = NO;
				GCC_C_LANGUAGE_STANDARD = gnu99;
				GCC_DYNAMIC_NO_PIC = NO;
				GCC_OPTIMIZATION_LEVEL = 0;
				GCC_PREPROCESSOR_DEFINITIONS = (
					"DEBUG=1",
					"$(inherited)",
				);
				GCC_SYMBOLS_PRIVATE_EXTERN = NO;
				GCC_WARN_64_TO_32_BIT_CONVERSION = YES;
				GCC_WARN_ABOUT_RETURN_TYPE = YES_ERROR;
				GCC_WARN_UNDECLARED_SELECTOR = YES;
				GCC_WARN_UNINITIALIZED_AUTOS = YES_AGGRESSIVE;
				GCC_WARN_UNUSED_FUNCTION = YES;
				GCC_WARN_UNUSED_VARIABLE = YES;
				"HEADER_SEARCH_PATHS[arch=*]" = (
					"$(inherited)",
					/Applications/Xcode.app/Contents/Developer/Toolchains/XcodeDefault.xctoolchain/usr/include/libxml2,
				);
				IPHONEOS_DEPLOYMENT_TARGET = 7.1;
				ONLY_ACTIVE_ARCH = YES;
				"OTHER_LDFLAGS[arch=*]" = "-lxml2";
				SDKROOT = iphoneos;
			};
			name = Debug;
		};
		3F17CDFA19771356005698F5 /* Release */ = {
			isa = XCBuildConfiguration;
			buildSettings = {
				ALWAYS_SEARCH_USER_PATHS = YES;
				CLANG_CXX_LANGUAGE_STANDARD = "gnu++0x";
				CLANG_CXX_LIBRARY = "libc++";
				CLANG_ENABLE_MODULES = YES;
				CLANG_ENABLE_OBJC_ARC = YES;
				CLANG_WARN_BOOL_CONVERSION = YES;
				CLANG_WARN_CONSTANT_CONVERSION = YES;
				CLANG_WARN_DIRECT_OBJC_ISA_USAGE = YES_ERROR;
				CLANG_WARN_EMPTY_BODY = YES;
				CLANG_WARN_ENUM_CONVERSION = YES;
				CLANG_WARN_INT_CONVERSION = YES;
				CLANG_WARN_OBJC_ROOT_CLASS = YES_ERROR;
				CLANG_WARN__DUPLICATE_METHOD_MATCH = YES;
				"CODE_SIGN_IDENTITY[sdk=iphoneos*]" = "iPhone Developer";
				COPY_PHASE_STRIP = YES;
				ENABLE_NS_ASSERTIONS = NO;
				GCC_C_LANGUAGE_STANDARD = gnu99;
				GCC_WARN_64_TO_32_BIT_CONVERSION = YES;
				GCC_WARN_ABOUT_RETURN_TYPE = YES_ERROR;
				GCC_WARN_UNDECLARED_SELECTOR = YES;
				GCC_WARN_UNINITIALIZED_AUTOS = YES_AGGRESSIVE;
				GCC_WARN_UNUSED_FUNCTION = YES;
				GCC_WARN_UNUSED_VARIABLE = YES;
				IPHONEOS_DEPLOYMENT_TARGET = 7.1;
				SDKROOT = iphoneos;
				VALIDATE_PRODUCT = YES;
			};
			name = Release;
		};
		3F17CDFC19771356005698F5 /* Debug */ = {
			isa = XCBuildConfiguration;
			buildSettings = {
				ASSETCATALOG_COMPILER_APPICON_NAME = AppIcon;
				ASSETCATALOG_COMPILER_LAUNCHIMAGE_NAME = LaunchImage;
				GCC_PRECOMPILE_PREFIX_HEADER = YES;
				GCC_PREFIX_HEADER = "LCS Players/LCS Players-Prefix.pch";
				HEADER_SEARCH_PATHS = (
					"$(inherited)",
					/Applications/Xcode.app/Contents/Developer/Toolchains/XcodeDefault.xctoolchain/usr/include,
					"$(SDKROOT)/usr/include/libxml2",
				);
				"HEADER_SEARCH_PATHS[arch=*]" = (
					"$(inherited)",
					"$(SDKROOT)/usr/include/libxml2",
				);
				INFOPLIST_FILE = "LCS Players/LCS Players-Info.plist";
				PRODUCT_NAME = "$(TARGET_NAME)";
				WRAPPER_EXTENSION = app;
			};
			name = Debug;
		};
		3F17CDFD19771356005698F5 /* Release */ = {
			isa = XCBuildConfiguration;
			buildSettings = {
				ASSETCATALOG_COMPILER_APPICON_NAME = AppIcon;
				ASSETCATALOG_COMPILER_LAUNCHIMAGE_NAME = LaunchImage;
				GCC_PRECOMPILE_PREFIX_HEADER = YES;
				GCC_PREFIX_HEADER = "LCS Players/LCS Players-Prefix.pch";
				INFOPLIST_FILE = "LCS Players/LCS Players-Info.plist";
				PRODUCT_NAME = "$(TARGET_NAME)";
				WRAPPER_EXTENSION = app;
			};
			name = Release;
		};
		3F17CDFF19771356005698F5 /* Debug */ = {
			isa = XCBuildConfiguration;
			buildSettings = {
				BUNDLE_LOADER = "$(BUILT_PRODUCTS_DIR)/LCS Players.app/LCS Players";
				FRAMEWORK_SEARCH_PATHS = (
					"$(SDKROOT)/Developer/Library/Frameworks",
					"$(inherited)",
					"$(DEVELOPER_FRAMEWORKS_DIR)",
				);
				GCC_PRECOMPILE_PREFIX_HEADER = YES;
				GCC_PREFIX_HEADER = "LCS Players/LCS Players-Prefix.pch";
				GCC_PREPROCESSOR_DEFINITIONS = (
					"DEBUG=1",
					"$(inherited)",
				);
				INFOPLIST_FILE = "LCS PlayersTests/LCS PlayersTests-Info.plist";
				PRODUCT_NAME = "$(TARGET_NAME)";
				TEST_HOST = "$(BUNDLE_LOADER)";
				WRAPPER_EXTENSION = xctest;
			};
			name = Debug;
		};
		3F17CE0019771356005698F5 /* Release */ = {
			isa = XCBuildConfiguration;
			buildSettings = {
				BUNDLE_LOADER = "$(BUILT_PRODUCTS_DIR)/LCS Players.app/LCS Players";
				FRAMEWORK_SEARCH_PATHS = (
					"$(SDKROOT)/Developer/Library/Frameworks",
					"$(inherited)",
					"$(DEVELOPER_FRAMEWORKS_DIR)",
				);
				GCC_PRECOMPILE_PREFIX_HEADER = YES;
				GCC_PREFIX_HEADER = "LCS Players/LCS Players-Prefix.pch";
				INFOPLIST_FILE = "LCS PlayersTests/LCS PlayersTests-Info.plist";
				PRODUCT_NAME = "$(TARGET_NAME)";
				TEST_HOST = "$(BUNDLE_LOADER)";
				WRAPPER_EXTENSION = xctest;
			};
			name = Release;
		};
/* End XCBuildConfiguration section */

/* Begin XCConfigurationList section */
		3F17CDC119771356005698F5 /* Build configuration list for PBXProject "LCS Players" */ = {
			isa = XCConfigurationList;
			buildConfigurations = (
				3F17CDF919771356005698F5 /* Debug */,
				3F17CDFA19771356005698F5 /* Release */,
			);
			defaultConfigurationIsVisible = 0;
			defaultConfigurationName = Release;
		};
		3F17CDFB19771356005698F5 /* Build configuration list for PBXNativeTarget "LCS Players" */ = {
			isa = XCConfigurationList;
			buildConfigurations = (
				3F17CDFC19771356005698F5 /* Debug */,
				3F17CDFD19771356005698F5 /* Release */,
			);
			defaultConfigurationIsVisible = 0;
			defaultConfigurationName = Release;
		};
		3F17CDFE19771356005698F5 /* Build configuration list for PBXNativeTarget "LCS PlayersTests" */ = {
			isa = XCConfigurationList;
			buildConfigurations = (
				3F17CDFF19771356005698F5 /* Debug */,
				3F17CE0019771356005698F5 /* Release */,
			);
			defaultConfigurationIsVisible = 0;
			defaultConfigurationName = Release;
		};
/* End XCConfigurationList section */
	};
	rootObject = 3F17CDBE19771356005698F5 /* Project object */;
}
